
Microsoft Visual Studio Solution File, Format Version 12.00
# Visual Studio Version 17
VisualStudioVersion = 17.10.34825.169
MinimumVisualStudioVersion = 10.0.40219.1
Project("{9A19103F-16F7-4668-BE54-9A1E7A4F7556}") = "ConsoleApp.MiniAtm", "ConsoleApp.Atm\ConsoleApp.MiniAtm.csproj", "{3C211936-9364-4090-86A4-132EE79CD4BC}"
EndProject
Global
	GlobalSection(SolutionConfigurationPlatforms) = preSolution
		Debug|Any CPU = Debug|Any CPU
		Release|Any CPU = Release|Any CPU
	EndGlobalSection
	GlobalSection(ProjectConfigurationPlatforms) = postSolution
		{3C211936-9364-4090-86A4-132EE79CD4BC}.Debug|Any CPU.ActiveCfg = Debug|Any CPU
		{3C211936-9364-4090-86A4-132EE79CD4BC}.Debug|Any CPU.Build.0 = Debug|Any CPU
		{3C211936-9364-4090-86A4-132EE79CD4BC}.Release|Any CPU.ActiveCfg = Release|Any CPU
		{3C211936-9364-4090-86A4-132EE79CD4BC}.Release|Any CPU.Build.0 = Release|Any CPU
	EndGlobalSection
	GlobalSection(SolutionProperties) = preSolution
		HideSolutionNode = FALSE
	EndGlobalSection
	GlobalSection(ExtensibilityGlobals) = postSolution
		SolutionGuid = {4BB81EEE-8B85-45DF-AAD4-D2D59E48C5B4}
	EndGlobalSection
EndGlobal
